
Microsoft Visual Studio Solution File, Format Version 12.00
# Visual Studio 2015
Project("{FAE04EC0-301F-11D3-BF4B-00C04F79EFBC}") = "Baseball Sim.CSharp", "Baseball Sim.CSharp.csproj", "{DCC6BDB5-D1C7-0077-339F-AF0D5FA32802}"
EndProject
Global
	GlobalSection(SolutionConfigurationPlatforms) = preSolution
		Debug|Any CPU = Debug|Any CPU
		Release|Any CPU = Release|Any CPU
	EndGlobalSection
	GlobalSection(ProjectConfigurationPlatforms) = postSolution
		{DCC6BDB5-D1C7-0077-339F-AF0D5FA32802}.Debug|Any CPU.ActiveCfg = Debug|Any CPU
		{DCC6BDB5-D1C7-0077-339F-AF0D5FA32802}.Debug|Any CPU.Build.0 = Debug|Any CPU
		{DCC6BDB5-D1C7-0077-339F-AF0D5FA32802}.Release|Any CPU.ActiveCfg = Release|Any CPU
		{DCC6BDB5-D1C7-0077-339F-AF0D5FA32802}.Release|Any CPU.Build.0 = Release|Any CPU
	EndGlobalSection
	GlobalSection(SolutionProperties) = preSolution
		HideSolutionNode = FALSE
	EndGlobalSection
EndGlobal
